
Microsoft Visual Studio Solution File, Format Version 12.00
# Visual Studio 15
VisualStudioVersion = 15.0.28307.421
MinimumVisualStudioVersion = 10.0.40219.1
Project("{FAE04EC0-301F-11D3-BF4B-00C04F79EFBC}") = "CURDAJAX", "CURDAJAX\CURDAJAX.csproj", "{E1996A2E-4DF1-4A1C-9A90-A0C4FD5F6C50}"
EndProject
Global
	GlobalSection(SolutionConfigurationPlatforms) = preSolution
		Debug|Any CPU = Debug|Any CPU
		Release|Any CPU = Release|Any CPU
	EndGlobalSection
	GlobalSection(ProjectConfigurationPlatforms) = postSolution
		{E1996A2E-4DF1-4A1C-9A90-A0C4FD5F6C50}.Debug|Any CPU.ActiveCfg = Debug|Any CPU
		{E1996A2E-4DF1-4A1C-9A90-A0C4FD5F6C50}.Debug|Any CPU.Build.0 = Debug|Any CPU
		{E1996A2E-4DF1-4A1C-9A90-A0C4FD5F6C50}.Release|Any CPU.ActiveCfg = Release|Any CPU
		{E1996A2E-4DF1-4A1C-9A90-A0C4FD5F6C50}.Release|Any CPU.Build.0 = Release|Any CPU
	EndGlobalSection
	GlobalSection(SolutionProperties) = preSolution
		HideSolutionNode = FALSE
	EndGlobalSection
	GlobalSection(ExtensibilityGlobals) = postSolution
		SolutionGuid = {9B2B9220-2D9E-4261-BB8A-706ABC7F46BD}
	EndGlobalSection
EndGlobal
